<Solution>
  <Project Path="InventoryManagement.API/InventoryManagement.API.csproj" />
  <Project Path="InventoryManagement.Application/InventoryManagement.Application.csproj" />
  <Project Path="InventoryManagement.Domain/InventoryManagement.Domain.csproj" />
  <Project Path="InventoryManagement.Infrastructure/InventoryManagement.Infrastructure.csproj" />
  <Project Path="InventoryManagement.Shared/InventoryManagement.Shared.csproj" Id="4d65eae5-b509-4c67-bcee-1b601eb30ef5" />
  <Project Path="InventoryManagement.UI/InventoryManagement.UI.csproj" Id="655796c1-1f85-4d35-9427-6f3f14ac5c02" />
</Solution>
